// !$*RA_UTF8*$!
{
	archiveVersion = 1;
	classes = {
	};
	objectVersion = 56;
	objects = {

/* Begin PBXBuildFile section */
		110000012D83400100000001 /* Main.swift in Sources */ = {isa = PBXBuildFile; fileRef = 110000012D83400100000000 /* Main.swift */; };
		110000022D83400100000001 /* Models.swift in Sources */ = {isa = PBXBuildFile; fileRef = 110000022D83400100000000 /* Models.swift */; };
		110000032D83400100000001 /* MockData.swift in Sources */ = {isa = PBXBuildFile; fileRef = 110000032D83400100000000 /* MockData.swift */; };
		110000042D83400100000001 /* PlaybackState.swift in Sources */ = {isa = PBXBuildFile; fileRef = 110000042D83400100000000 /* PlaybackState.swift */; };
		110000052D83400100000001 /* WindowManager.swift in Sources */ = {isa = PBXBuildFile; fileRef = 110000052D83400100000000 /* WindowManager.swift */; };
		110000062D83400100000001 /* LyricsViews.swift in Sources */ = {isa = PBXBuildFile; fileRef = 110000062D83400100000000 /* LyricsViews.swift */; };
		110000072D83400100000001 /* MainLyricsWindowView.swift in Sources */ = {isa = PBXBuildFile; fileRef = 110000072D83400100000000 /* MainLyricsWindowView.swift */; };
		110000082D83400100000001 /* LyricsCanvasView.swift in Sources */ = {isa = PBXBuildFile; fileRef = 110000082D83400100000000 /* LyricsCanvasView.swift */; };
		110000092D83400100000001 /* LyricLineView.swift in Sources */ = {isa = PBXBuildFile; fileRef = 110000092D83400100000000 /* LyricLineView.swift */; };
		1100000A2D83400100000001 /* TrackHeaderView.swift in Sources */ = {isa = PBXBuildFile; fileRef = 1100000A2D83400100000000 /* TrackHeaderView.swift */; };
		1100000B2D83400100000001 /* LyricsPreferencesPopover.swift in Sources */ = {isa = PBXBuildFile; fileRef = 1100000B2D83400100000000 /* LyricsPreferencesPopover.swift */; };
		1100000C2D83400100000001 /* LyricsDesignTokens.swift in Sources */ = {isa = PBXBuildFile; fileRef = 1100000C2D83400100000000 /* LyricsDesignTokens.swift */; };
		1100000D2D83400100000001 /* PlaybackProvider.swift in Sources */ = {isa = PBXBuildFile; fileRef = 1100000D2D83400100000000 /* PlaybackProvider.swift */; };
		1100000E2D83400100000001 /* SpotifyDesktopProvider.swift in Sources */ = {isa = PBXBuildFile; fileRef = 1100000E2D83400100000000 /* SpotifyDesktopProvider.swift */; };
		1100000F2D83400100000001 /* MockPlaybackProvider.swift in Sources */ = {isa = PBXBuildFile; fileRef = 1100000F2D83400100000000 /* MockPlaybackProvider.swift */; };
		110000102D83400100000001 /* ArtworkImageLoader.swift in Sources */ = {isa = PBXBuildFile; fileRef = 110000102D83400100000000 /* ArtworkImageLoader.swift */; };
		110000122D83400100000001 /* TrackIdentity.swift in Sources */ = {isa = PBXBuildFile; fileRef = 110000122D83400100000000 /* TrackIdentity.swift */; };
		110000132D83400100000001 /* LyricsModels.swift in Sources */ = {isa = PBXBuildFile; fileRef = 110000132D83400100000000 /* LyricsModels.swift */; };
		110000142D83400100000001 /* LRCParser.swift in Sources */ = {isa = PBXBuildFile; fileRef = 110000142D83400100000000 /* LRCParser.swift */; };
		110000152D83400100000001 /* LyricsMatcher.swift in Sources */ = {isa = PBXBuildFile; fileRef = 110000152D83400100000000 /* LyricsMatcher.swift */; };
		110000162D83400100000001 /* LocalLyricsProvider.swift in Sources */ = {isa = PBXBuildFile; fileRef = 110000162D83400100000000 /* LocalLyricsProvider.swift */; };
		110000172D83400100000001 /* LRCLIBLyricsProvider.swift in Sources */ = {isa = PBXBuildFile; fileRef = 110000172D83400100000000 /* LRCLIBLyricsProvider.swift */; };
		110000182D83400100000001 /* CompositeLyricsProvider.swift in Sources */ = {isa = PBXBuildFile; fileRef = 110000182D83400100000000 /* CompositeLyricsProvider.swift */; };
		110000192D83400100000001 /* LyricsSessionController.swift in Sources */ = {isa = PBXBuildFile; fileRef = 110000192D83400100000000 /* LyricsSessionController.swift */; };
		1100001A2D83400100000001 /* TrackBackdropView.swift in Sources */ = {isa = PBXBuildFile; fileRef = 1100001A2D83400100000000 /* TrackBackdropView.swift */; };
		1100001B2D83400100000001 /* BackdropPalette.swift in Sources */ = {isa = PBXBuildFile; fileRef = 1100001B2D83400100000000 /* BackdropPalette.swift */; };
		1100001C2D83400100000001 /* MainWindowLayoutStyle.swift in Sources */ = {isa = PBXBuildFile; fileRef = 1100001C2D83400100000000 /* MainWindowLayoutStyle.swift */; };
		1100001D2D83400100000001 /* ImmersiveSplitWindowView.swift in Sources */ = {isa = PBXBuildFile; fileRef = 1100001D2D83400100000000 /* ImmersiveSplitWindowView.swift */; };
		1100001E2D83400100000001 /* ArtworkView.swift in Sources */ = {isa = PBXBuildFile; fileRef = 1100001E2D83400100000000 /* ArtworkView.swift */; };
		1100001F2D83400100000001 /* TrackMetadataView.swift in Sources */ = {isa = PBXBuildFile; fileRef = 1100001F2D83400100000000 /* TrackMetadataView.swift */; };
		110000202D83400100000001 /* PlaybackControlsView.swift in Sources */ = {isa = PBXBuildFile; fileRef = 110000202D83400100000000 /* PlaybackControlsView.swift */; };
		110000212D83400100000001 /* LyricsViewport.swift in Sources */ = {isa = PBXBuildFile; fileRef = 110000212D83400100000000 /* LyricsViewport.swift */; };
		110000222D83400100000001 /* ArtworkBackgroundView.swift in Sources */ = {isa = PBXBuildFile; fileRef = 110000222D83400100000000 /* ArtworkBackgroundView.swift */; };
		110000232D83400100000001 /* SongSearchModels.swift in Sources */ = {isa = PBXBuildFile; fileRef = 110000232D83400100000000 /* SongSearchModels.swift */; };
		110000242D83400100000001 /* SongSearchProvider.swift in Sources */ = {isa = PBXBuildFile; fileRef = 110000242D83400100000000 /* SongSearchProvider.swift */; };
		110000252D83400100000001 /* LocalSearchProvider.swift in Sources */ = {isa = PBXBuildFile; fileRef = 110000252D83400100000000 /* LocalSearchProvider.swift */; };
		110000262D83400100000001 /* SpotifyCurrentTrackProvider.swift in Sources */ = {isa = PBXBuildFile; fileRef = 110000262D83400100000000 /* SpotifyCurrentTrackProvider.swift */; };
		110000272D83400100000001 /* LRCLIBProvider.swift in Sources */ = {isa = PBXBuildFile; fileRef = 110000272D83400100000000 /* LRCLIBProvider.swift */; };
		110000282D83400100000001 /* SongSearchManager.swift in Sources */ = {isa = PBXBuildFile; fileRef = 110000282D83400100000000 /* SongSearchManager.swift */; };
		110000292D83400100000001 /* SongSearchPopover.swift in Sources */ = {isa = PBXBuildFile; fileRef = 110000292D83400100000000 /* SongSearchPopover.swift */; };
/* End PBXBuildFile section */

/* Begin PBXFileReference section */
		110000002D83400000000000 /* SpotifyLyrics.app */ = {isa = PBXFileReference; explicitFileType = wrapper.application; includeInIndex = 0; path = SpotifyLyrics.app; sourceTree = BUILT_PRODUCTS_DIR; };
		110000012D83400100000000 /* Main.swift */ = {isa = PBXFileReference; lastKnownFileType = sourcecode.swift; path = Main.swift; sourceTree = "<group>"; };
		110000022D83400100000000 /* Models.swift */ = {isa = PBXFileReference; lastKnownFileType = sourcecode.swift; path = Models/Models.swift; sourceTree = "<group>"; };
		110000032D83400100000000 /* MockData.swift */ = {isa = PBXFileReference; lastKnownFileType = sourcecode.swift; path = Services/MockData.swift; sourceTree = "<group>"; };
		110000042D83400100000000 /* PlaybackState.swift */ = {isa = PBXFileReference; lastKnownFileType = sourcecode.swift; path = Services/PlaybackState.swift; sourceTree = "<group>"; };
		110000052D83400100000000 /* WindowManager.swift */ = {isa = PBXFileReference; lastKnownFileType = sourcecode.swift; path = Windows/WindowManager.swift; sourceTree = "<group>"; };
		110000062D83400100000000 /* LyricsViews.swift */ = {isa = PBXFileReference; lastKnownFileType = sourcecode.swift; path = Views/LyricsViews.swift; sourceTree = "<group>"; };
		110000072D83400100000000 /* MainLyricsWindowView.swift */ = {isa = PBXFileReference; lastKnownFileType = sourcecode.swift; path = MainLyricsWindowView.swift; sourceTree = "<group>"; };
		110000082D83400100000000 /* LyricsCanvasView.swift */ = {isa = PBXFileReference; lastKnownFileType = sourcecode.swift; path = LyricsCanvasView.swift; sourceTree = "<group>"; };
		110000092D83400100000000 /* LyricLineView.swift */ = {isa = PBXFileReference; lastKnownFileType = sourcecode.swift; path = LyricLineView.swift; sourceTree = "<group>"; };
		1100000A2D83400100000000 /* TrackHeaderView.swift */ = {isa = PBXFileReference; lastKnownFileType = sourcecode.swift; path = TrackHeaderView.swift; sourceTree = "<group>"; };
		1100000B2D83400100000000 /* LyricsPreferencesPopover.swift */ = {isa = PBXFileReference; lastKnownFileType = sourcecode.swift; path = LyricsPreferencesPopover.swift; sourceTree = "<group>"; };
		1100000C2D83400100000000 /* LyricsDesignTokens.swift */ = {isa = PBXFileReference; lastKnownFileType = sourcecode.swift; path = LyricsDesignTokens.swift; sourceTree = "<group>"; };
		1100000D2D83400100000000 /* PlaybackProvider.swift */ = {isa = PBXFileReference; lastKnownFileType = sourcecode.swift; path = PlaybackProvider.swift; sourceTree = "<group>"; };
		1100000E2D83400100000000 /* SpotifyDesktopProvider.swift */ = {isa = PBXFileReference; lastKnownFileType = sourcecode.swift; path = SpotifyDesktopProvider.swift; sourceTree = "<group>"; };
		1100000F2D83400100000000 /* MockPlaybackProvider.swift */ = {isa = PBXFileReference; lastKnownFileType = sourcecode.swift; path = MockPlaybackProvider.swift; sourceTree = "<group>"; };
		110000102D83400100000000 /* ArtworkImageLoader.swift */ = {isa = PBXFileReference; lastKnownFileType = sourcecode.swift; path = ArtworkImageLoader.swift; sourceTree = "<group>"; };
		110000112D83400100000000 /* SpotifyLyrics.entitlements */ = {isa = PBXFileReference; lastKnownFileType = text.plist.entitlements; path = SpotifyLyrics.entitlements; sourceTree = "<group>"; };
		110000122D83400100000000 /* TrackIdentity.swift */ = {isa = PBXFileReference; lastKnownFileType = sourcecode.swift; path = TrackIdentity.swift; sourceTree = "<group>"; };
		110000132D83400100000000 /* LyricsModels.swift */ = {isa = PBXFileReference; lastKnownFileType = sourcecode.swift; path = LyricsModels.swift; sourceTree = "<group>"; };
		110000142D83400100000000 /* LRCParser.swift */ = {isa = PBXFileReference; lastKnownFileType = sourcecode.swift; path = LRCParser.swift; sourceTree = "<group>"; };
		110000152D83400100000000 /* LyricsMatcher.swift */ = {isa = PBXFileReference; lastKnownFileType = sourcecode.swift; path = LyricsMatcher.swift; sourceTree = "<group>"; };
		110000162D83400100000000 /* LocalLyricsProvider.swift */ = {isa = PBXFileReference; lastKnownFileType = sourcecode.swift; path = LocalLyricsProvider.swift; sourceTree = "<group>"; };
		110000172D83400100000000 /* LRCLIBLyricsProvider.swift */ = {isa = PBXFileReference; lastKnownFileType = sourcecode.swift; path = LRCLIBLyricsProvider.swift; sourceTree = "<group>"; };
		110000182D83400100000000 /* CompositeLyricsProvider.swift */ = {isa = PBXFileReference; lastKnownFileType = sourcecode.swift; path = CompositeLyricsProvider.swift; sourceTree = "<group>"; };
		110000192D83400100000000 /* LyricsSessionController.swift */ = {isa = PBXFileReference; lastKnownFileType = sourcecode.swift; path = Services/LyricsSessionController.swift; sourceTree = "<group>"; };
		1100001A2D83400100000000 /* TrackBackdropView.swift */ = {isa = PBXFileReference; lastKnownFileType = sourcecode.swift; path = TrackBackdropView.swift; sourceTree = "<group>"; };
		1100001B2D83400100000000 /* BackdropPalette.swift */ = {isa = PBXFileReference; lastKnownFileType = sourcecode.swift; path = BackdropPalette.swift; sourceTree = "<group>"; };
		1100001C2D83400100000000 /* MainWindowLayoutStyle.swift */ = {isa = PBXFileReference; lastKnownFileType = sourcecode.swift; path = MainWindowLayoutStyle.swift; sourceTree = "<group>"; };
		1100001D2D83400100000000 /* ImmersiveSplitWindowView.swift */ = {isa = PBXFileReference; lastKnownFileType = sourcecode.swift; path = ImmersiveSplitWindowView.swift; sourceTree = "<group>"; };
		1100001E2D83400100000000 /* ArtworkView.swift */ = {isa = PBXFileReference; lastKnownFileType = sourcecode.swift; path = ArtworkView.swift; sourceTree = "<group>"; };
		1100001F2D83400100000000 /* TrackMetadataView.swift */ = {isa = PBXFileReference; lastKnownFileType = sourcecode.swift; path = TrackMetadataView.swift; sourceTree = "<group>"; };
		110000202D83400100000000 /* PlaybackControlsView.swift */ = {isa = PBXFileReference; lastKnownFileType = sourcecode.swift; path = PlaybackControlsView.swift; sourceTree = "<group>"; };
		110000212D83400100000000 /* LyricsViewport.swift */ = {isa = PBXFileReference; lastKnownFileType = sourcecode.swift; path = LyricsViewport.swift; sourceTree = "<group>"; };
		110000222D83400100000000 /* ArtworkBackgroundView.swift */ = {isa = PBXFileReference; lastKnownFileType = sourcecode.swift; path = ArtworkBackgroundView.swift; sourceTree = "<group>"; };
		110000232D83400100000000 /* SongSearchModels.swift */ = {isa = PBXFileReference; lastKnownFileType = sourcecode.swift; path = SongSearchModels.swift; sourceTree = "<group>"; };
		110000242D83400100000000 /* SongSearchProvider.swift */ = {isa = PBXFileReference; lastKnownFileType = sourcecode.swift; path = SongSearchProvider.swift; sourceTree = "<group>"; };
		110000252D83400100000000 /* LocalSearchProvider.swift */ = {isa = PBXFileReference; lastKnownFileType = sourcecode.swift; path = LocalSearchProvider.swift; sourceTree = "<group>"; };
		110000262D83400100000000 /* SpotifyCurrentTrackProvider.swift */ = {isa = PBXFileReference; lastKnownFileType = sourcecode.swift; path = SpotifyCurrentTrackProvider.swift; sourceTree = "<group>"; };
		110000272D83400100000000 /* LRCLIBProvider.swift */ = {isa = PBXFileReference; lastKnownFileType = sourcecode.swift; path = LRCLIBProvider.swift; sourceTree = "<group>"; };
		110000282D83400100000000 /* SongSearchManager.swift */ = {isa = PBXFileReference; lastKnownFileType = sourcecode.swift; path = SongSearchManager.swift; sourceTree = "<group>"; };
		110000292D83400100000000 /* SongSearchPopover.swift */ = {isa = PBXFileReference; lastKnownFileType = sourcecode.swift; path = SongSearchPopover.swift; sourceTree = "<group>"; };
/* End PBXFileReference section */

/* Begin PBXGroup section */
		110000002D83400000000001 = {
			isa = PBXGroup;
			children = (
				110000002D83400000000002 /* SpotifyLyrics */,
				110000002D83400000000003 /* Products */,
			);
			sourceTree = "<group>";
		};
		110000002D83400000000002 /* SpotifyLyrics */ = {
			isa = PBXGroup;
			children = (
				110000012D83400100000000 /* Main.swift */,
				110000022D83400100000000 /* Models.swift */,
				110000032D83400100000000 /* MockData.swift */,
				110000042D83400100000000 /* PlaybackState.swift */,
				110000192D83400100000000 /* LyricsSessionController.swift */,
				110000052D83400100000000 /* WindowManager.swift */,
				110000062D83400100000000 /* LyricsViews.swift */,
				110000002D83400000000024 /* Providers */,
				110000002D83400000000025 /* Lyrics */,
				110000002D83400000000026 /* Search */,
				110000112D83400100000000 /* SpotifyLyrics.entitlements */,
				110000002D83400000000020 /* Views */,
				110000002D83400000000023 /* Design */,
			);
			path = SpotifyLyrics;
			sourceTree = "<group>";
		};
		110000002D83400000000020 /* Views */ = {
			isa = PBXGroup;
			children = (
				110000002D83400000000021 /* MainWindow */,
				110000002D83400000000022 /* Components */,
			);
			path = Views;
			sourceTree = "<group>";
		};
		110000002D83400000000021 /* MainWindow */ = {
			isa = PBXGroup;
			children = (
				110000072D83400100000000 /* MainLyricsWindowView.swift */,
				1100001D2D83400100000000 /* ImmersiveSplitWindowView.swift */,
			);
			path = MainWindow;
			sourceTree = "<group>";
		};
		110000002D83400000000022 /* Components */ = {
			isa = PBXGroup;
			children = (
				110000082D83400100000000 /* LyricsCanvasView.swift */,
				110000092D83400100000000 /* LyricLineView.swift */,
				1100000A2D83400100000000 /* TrackHeaderView.swift */,
				1100000B2D83400100000000 /* LyricsPreferencesPopover.swift */,
				1100001A2D83400100000000 /* TrackBackdropView.swift */,
				1100001E2D83400100000000 /* ArtworkView.swift */,
				1100001F2D83400100000000 /* TrackMetadataView.swift */,
				110000202D83400100000000 /* PlaybackControlsView.swift */,
				110000212D83400100000000 /* LyricsViewport.swift */,
				110000222D83400100000000 /* ArtworkBackgroundView.swift */,
				110000292D83400100000000 /* SongSearchPopover.swift */,
			);
			path = Components;
			sourceTree = "<group>";
		};
		110000002D83400000000023 /* Design */ = {
			isa = PBXGroup;
			children = (
				1100000C2D83400100000000 /* LyricsDesignTokens.swift */,
				1100001B2D83400100000000 /* BackdropPalette.swift */,
				1100001C2D83400100000000 /* MainWindowLayoutStyle.swift */,
			);
			path = Design;
			sourceTree = "<group>";
		};
		110000002D83400000000024 /* Providers */ = {
			isa = PBXGroup;
			children = (
				1100000D2D83400100000000 /* PlaybackProvider.swift */,
				1100000E2D83400100000000 /* SpotifyDesktopProvider.swift */,
				1100000F2D83400100000000 /* MockPlaybackProvider.swift */,
				110000102D83400100000000 /* ArtworkImageLoader.swift */,
			);
			path = Providers;
			sourceTree = "<group>";
		};
		110000002D83400000000025 /* Lyrics */ = {
			isa = PBXGroup;
			children = (
				110000122D83400100000000 /* TrackIdentity.swift */,
				110000132D83400100000000 /* LyricsModels.swift */,
				110000142D83400100000000 /* LRCParser.swift */,
				110000152D83400100000000 /* LyricsMatcher.swift */,
				110000162D83400100000000 /* LocalLyricsProvider.swift */,
				110000172D83400100000000 /* LRCLIBLyricsProvider.swift */,
				110000182D83400100000000 /* CompositeLyricsProvider.swift */,
			);
			path = Lyrics;
			sourceTree = "<group>";
		};
		110000002D83400000000026 /* Search */ = {
			isa = PBXGroup;
			children = (
				110000232D83400100000000 /* SongSearchModels.swift */,
				110000242D83400100000000 /* SongSearchProvider.swift */,
				110000252D83400100000000 /* LocalSearchProvider.swift */,
				110000262D83400100000000 /* SpotifyCurrentTrackProvider.swift */,
				110000272D83400100000000 /* LRCLIBProvider.swift */,
				110000282D83400100000000 /* SongSearchManager.swift */,
			);
			path = Search;
			sourceTree = "<group>";
		};
		110000002D83400000000003 /* Products */ = {
			isa = PBXGroup;
			children = (
				110000002D83400000000000 /* SpotifyLyrics.app */,
			);
			name = Products;
			sourceTree = "<group>";
		};
/* End PBXGroup section */

/* Begin PBXNativeTarget section */
		110000002D83400000000004 /* SpotifyLyrics */ = {
			isa = PBXNativeTarget;
			buildConfigurationList = 110000002D83400000000007 /* Build configuration list for PBXNativeTarget "SpotifyLyrics" */;
			buildPhases = (
				110000002D83400000000005 /* Sources */,
			);
			buildRules = (
			);
			dependencies = (
			);
			name = SpotifyLyrics;
			productName = SpotifyLyrics;
			productReference = 110000002D83400000000000 /* SpotifyLyrics.app */;
			productType = "com.apple.product-type.application";
		};
/* End PBXNativeTarget section */

/* Begin PBXProject section */
		110000002D83400000000006 /* Project object */ = {
			isa = PBXProject;
			attributes = {
				BuildIndependentTargetsInParallel = 1;
				LastUpgradeCheck = 1500;
				TargetAttributes = {
					110000002D83400000000004 = {
						CreatedOnToolsVersion = 15.0;
					};
				};
			};
			buildConfigurationList = 110000002D8340000000000A /* Build configuration list for PBXProject "SpotifyLyrics" */;
			compatibilityVersion = "Xcode 14.0";
			developmentRegion = en;
			hasScannedForEncodings = 0;
			knownRegions = (
				en,
				Base,
			);
			mainGroup = 110000002D83400000000001;
			productRefGroup = 110000002D83400000000003 /* Products */;
			projectDirPath = "";
			projectRoot = "";
			targets = (
				110000002D83400000000004 /* SpotifyLyrics */,
			);
		};
/* End PBXProject section */

/* Begin PBXSourcesBuildPhase section */
		110000002D83400000000005 /* Sources */ = {
			isa = PBXSourcesBuildPhase;
			buildActionMask = 2147483647;
			files = (
				110000012D83400100000001 /* Main.swift in Sources */,
				110000022D83400100000001 /* Models.swift in Sources */,
				110000032D83400100000001 /* MockData.swift in Sources */,
				110000042D83400100000001 /* PlaybackState.swift in Sources */,
				110000052D83400100000001 /* WindowManager.swift in Sources */,
				110000062D83400100000001 /* LyricsViews.swift in Sources */,
				110000072D83400100000001 /* MainLyricsWindowView.swift in Sources */,
				110000082D83400100000001 /* LyricsCanvasView.swift in Sources */,
				110000092D83400100000001 /* LyricLineView.swift in Sources */,
				1100000A2D83400100000001 /* TrackHeaderView.swift in Sources */,
				1100000B2D83400100000001 /* LyricsPreferencesPopover.swift in Sources */,
				1100000C2D83400100000001 /* LyricsDesignTokens.swift in Sources */,
				1100000D2D83400100000001 /* PlaybackProvider.swift in Sources */,
				1100000E2D83400100000001 /* SpotifyDesktopProvider.swift in Sources */,
				1100000F2D83400100000001 /* MockPlaybackProvider.swift in Sources */,
				110000102D83400100000001 /* ArtworkImageLoader.swift in Sources */,
				110000122D83400100000001 /* TrackIdentity.swift in Sources */,
				110000132D83400100000001 /* LyricsModels.swift in Sources */,
				110000142D83400100000001 /* LRCParser.swift in Sources */,
				110000152D83400100000001 /* LyricsMatcher.swift in Sources */,
				110000162D83400100000001 /* LocalLyricsProvider.swift in Sources */,
				110000172D83400100000001 /* LRCLIBLyricsProvider.swift in Sources */,
				110000182D83400100000001 /* CompositeLyricsProvider.swift in Sources */,
				110000192D83400100000001 /* LyricsSessionController.swift in Sources */,
				1100001A2D83400100000001 /* TrackBackdropView.swift in Sources */,
				1100001B2D83400100000001 /* BackdropPalette.swift in Sources */,
				1100001C2D83400100000001 /* MainWindowLayoutStyle.swift in Sources */,
				1100001D2D83400100000001 /* ImmersiveSplitWindowView.swift in Sources */,
				1100001E2D83400100000001 /* ArtworkView.swift in Sources */,
				1100001F2D83400100000001 /* TrackMetadataView.swift in Sources */,
				110000202D83400100000001 /* PlaybackControlsView.swift in Sources */,
				110000212D83400100000001 /* LyricsViewport.swift in Sources */,
				110000222D83400100000001 /* ArtworkBackgroundView.swift in Sources */,
				110000232D83400100000001 /* SongSearchModels.swift in Sources */,
				110000242D83400100000001 /* SongSearchProvider.swift in Sources */,
				110000252D83400100000001 /* LocalSearchProvider.swift in Sources */,
				110000262D83400100000001 /* SpotifyCurrentTrackProvider.swift in Sources */,
				110000272D83400100000001 /* LRCLIBProvider.swift in Sources */,
				110000282D83400100000001 /* SongSearchManager.swift in Sources */,
				110000292D83400100000001 /* SongSearchPopover.swift in Sources */,
			);
			runOnlyForDeploymentPostprocessing = 0;
		};
/* End PBXSourcesBuildPhase section */

/* Begin XCBuildConfiguration section */
		110000002D83400000000008 /* Debug */ = {
			isa = XCBuildConfiguration;
			buildSettings = {
				ALWAYS_SEARCH_USER_PATHS = NO;
				CLANG_ENABLE_MODULES = YES;
				CODE_SIGN_IDENTITY = "-";
				CODE_SIGN_ENTITLEMENTS = SpotifyLyrics/SpotifyLyrics.entitlements;
				COMBINE_HIDPI_IMAGES = YES;
				CURRENT_PROJECT_VERSION = 1;
				GENERATE_INFOPLIST_FILE = YES;
				INFOPLIST_KEY_NSHighResolutionCapable = YES;
				INFOPLIST_KEY_NSAppleEventsUsageDescription = "SpotifyLyrics 需要控制 Spotify 以读取当前歌曲、播放状态和封面。";
				INFOPLIST_KEY_LSMinimumSystemVersion = "14.0";
				INFOPLIST_KEY_CFBundleDisplayName = SpotifyLyrics;
				MACOSX_DEPLOYMENT_TARGET = 14.0;
				PRODUCT_BUNDLE_IDENTIFIER = com.spotifylyrics.app;
				PRODUCT_NAME = "$(TARGET_NAME)";
				SWIFT_VERSION = 5.0;
			};
			name = Debug;
		};
		110000002D83400000000009 /* Release */ = {
			isa = XCBuildConfiguration;
			buildSettings = {
				ALWAYS_SEARCH_USER_PATHS = NO;
				CLANG_ENABLE_MODULES = YES;
				CODE_SIGN_IDENTITY = "-";
				CODE_SIGN_ENTITLEMENTS = SpotifyLyrics/SpotifyLyrics.entitlements;
				COMBINE_HIDPI_IMAGES = YES;
				CURRENT_PROJECT_VERSION = 1;
				GENERATE_INFOPLIST_FILE = YES;
				INFOPLIST_KEY_NSHighResolutionCapable = YES;
				INFOPLIST_KEY_NSAppleEventsUsageDescription = "SpotifyLyrics 需要控制 Spotify 以读取当前歌曲、播放状态和封面。";
				INFOPLIST_KEY_LSMinimumSystemVersion = "14.0";
				INFOPLIST_KEY_CFBundleDisplayName = SpotifyLyrics;
				MACOSX_DEPLOYMENT_TARGET = 14.0;
				PRODUCT_BUNDLE_IDENTIFIER = com.spotifylyrics.app;
				PRODUCT_NAME = "$(TARGET_NAME)";
				SWIFT_VERSION = 5.0;
			};
			name = Release;
		};
		110000002D8340000000000B /* Debug */ = {
			isa = XCBuildConfiguration;
			buildSettings = {
				ALWAYS_SEARCH_USER_PATHS = NO;
				CLANG_ENABLE_MODULES = YES;
				CODE_SIGN_IDENTITY = "-";
				COPY_PHASE_STRIP = NO;
				DEBUG_INFORMATION_FORMAT = dwarf;
				ENABLE_TESTABILITY = YES;
				GCC_DYNAMIC_NO_PIC = NO;
				GCC_OPTIMIZATION_LEVEL = 0;
				GCC_PREPROCESSOR_DEFINITIONS = (
					"DEBUG=1",
					"$(inherited)",
				);
				MACOSX_DEPLOYMENT_TARGET = 14.0;
				MTL_ENABLE_DEBUG_INFO = INCLUDE_SOURCE;
				MTL_FAST_MATH = YES;
				ONLY_ACTIVE_ARCH = YES;
				SDKROOT = macosx;
				SWIFT_ACTIVE_COMPILATION_CONDITIONS = DEBUG;
				SWIFT_OPTIMIZATION_LEVEL = "-Onone";
			};
			name = Debug;
		};
		110000002D8340000000000C /* Release */ = {
			isa = XCBuildConfiguration;
			buildSettings = {
				ALWAYS_SEARCH_USER_PATHS = NO;
				CLANG_ENABLE_MODULES = YES;
				CODE_SIGN_IDENTITY = "-";
				COPY_PHASE_STRIP = YES;
				DEBUG_INFORMATION_FORMAT = "dwarf-with-dsym";
				ENABLE_NS_ASSERTIONS = NO;
				MACOSX_DEPLOYMENT_TARGET = 14.0;
				MTL_FAST_MATH = YES;
				SDKROOT = macosx;
				SWIFT_COMPILATION_MODE = wholemodule;
				SWIFT_OPTIMIZATION_LEVEL = "-O";
			};
			name = Release;
		};
/* End XCBuildConfiguration section */

/* Begin XCConfigurationList section */
		110000002D83400000000007 /* Build configuration list for PBXNativeTarget "SpotifyLyrics" */ = {
			isa = XCConfigurationList;
			buildConfigurations = (
				110000002D83400000000008 /* Debug */,
				110000002D83400000000009 /* Release */,
			);
			defaultConfigurationIsVisible = 0;
			defaultConfigurationName = Release;
		};
		110000002D8340000000000A /* Build configuration list for PBXProject "SpotifyLyrics" */ = {
			isa = XCConfigurationList;
			buildConfigurations = (
				110000002D8340000000000B /* Debug */,
				110000002D8340000000000C /* Release */,
			);
			defaultConfigurationIsVisible = 0;
			defaultConfigurationName = Release;
		};
/* End XCConfigurationList section */
	};
	rootObject = 110000002D83400000000006 /* Project object */;
}
